
Microsoft Visual Studio Solution File, Format Version 12.00
# Visual Studio Version 17
VisualStudioVersion = 17.7.34221.43
MinimumVisualStudioVersion = 10.0.40219.1
Project("{9A19103F-16F7-4668-BE54-9A1E7A4F7556}") = "DataLayer", "DataLayer\DataLayer.csproj", "{718FD2AA-97BF-4BB0-8FAC-37C66A3C8FDE}"
EndProject
Project("{9A19103F-16F7-4668-BE54-9A1E7A4F7556}") = "BusinessLayer", "BusinessLayer\BusinessLayer.csproj", "{BDE43398-C420-4D82-A8F3-F3C482EB6012}"
	ProjectSection(ProjectDependencies) = postProject
		{718FD2AA-97BF-4BB0-8FAC-37C66A3C8FDE} = {718FD2AA-97BF-4BB0-8FAC-37C66A3C8FDE}
	EndProjectSection
EndProject
Project("{9A19103F-16F7-4668-BE54-9A1E7A4F7556}") = "UiLayer", "UiLayer\UiLayer.csproj", "{1ED24849-91DF-4372-9BBD-0BCAACF52DDB}"
EndProject
Global
	GlobalSection(SolutionConfigurationPlatforms) = preSolution
		Debug|Any CPU = Debug|Any CPU
		Release|Any CPU = Release|Any CPU
	EndGlobalSection
	GlobalSection(ProjectConfigurationPlatforms) = postSolution
		{718FD2AA-97BF-4BB0-8FAC-37C66A3C8FDE}.Debug|Any CPU.ActiveCfg = Debug|Any CPU
		{718FD2AA-97BF-4BB0-8FAC-37C66A3C8FDE}.Debug|Any CPU.Build.0 = Debug|Any CPU
		{718FD2AA-97BF-4BB0-8FAC-37C66A3C8FDE}.Release|Any CPU.ActiveCfg = Release|Any CPU
		{718FD2AA-97BF-4BB0-8FAC-37C66A3C8FDE}.Release|Any CPU.Build.0 = Release|Any CPU
		{BDE43398-C420-4D82-A8F3-F3C482EB6012}.Debug|Any CPU.ActiveCfg = Debug|Any CPU
		{BDE43398-C420-4D82-A8F3-F3C482EB6012}.Debug|Any CPU.Build.0 = Debug|Any CPU
		{BDE43398-C420-4D82-A8F3-F3C482EB6012}.Release|Any CPU.ActiveCfg = Release|Any CPU
		{BDE43398-C420-4D82-A8F3-F3C482EB6012}.Release|Any CPU.Build.0 = Release|Any CPU
		{1ED24849-91DF-4372-9BBD-0BCAACF52DDB}.Debug|Any CPU.ActiveCfg = Debug|Any CPU
		{1ED24849-91DF-4372-9BBD-0BCAACF52DDB}.Debug|Any CPU.Build.0 = Debug|Any CPU
		{1ED24849-91DF-4372-9BBD-0BCAACF52DDB}.Release|Any CPU.ActiveCfg = Release|Any CPU
		{1ED24849-91DF-4372-9BBD-0BCAACF52DDB}.Release|Any CPU.Build.0 = Release|Any CPU
	EndGlobalSection
	GlobalSection(SolutionProperties) = preSolution
		HideSolutionNode = FALSE
	EndGlobalSection
	GlobalSection(ExtensibilityGlobals) = postSolution
		SolutionGuid = {8CFE4A2A-4097-43EE-9E58-BE716A5E0795}
	EndGlobalSection
EndGlobal
